{
  "name": "examples",
  "version": "0.1.0",
  "lockfileVersion": 1,
  "requires": true,
  "dependencies": {
    "@aerogear/apollo-voyager-server": {
      "version": "file:../packages/apollo-voyager-server",
      "requires": {
        "@aerogear/apollo-voyager-context": "1.0.0",
        "apollo-server": "2.2.2",
        "apollo-server-express": "2.2.2",
        "graphql": "14.0.2"
      },
      "dependencies": {
        "@aerogear/apollo-voyager-context": {
          "version": "1.0.0",
          "bundled": true
        },
        "@apollographql/apollo-tools": {
          "version": "0.2.8",
          "bundled": true,
          "requires": {
            "apollo-env": "0.2.5"
          }
        },
        "@apollographql/apollo-upload-server": {
          "version": "5.0.3",
          "bundled": true,
          "requires": {
            "@babel/runtime-corejs2": "7.1.5",
            "busboy": "0.2.14",
            "object-path": "0.11.4"
          }
        },
        "@apollographql/graphql-playground-html": {
          "version": "1.6.4",
          "bundled": true
        },
        "@babel/runtime-corejs2": {
          "version": "7.1.5",
          "bundled": true,
          "requires": {
            "core-js": "2.5.7",
            "regenerator-runtime": "0.12.1"
          },
          "dependencies": {
            "core-js": {
              "version": "2.5.7",
              "bundled": true
            }
          }
        },
        "@protobufjs/aspromise": {
          "version": "1.1.2",
          "bundled": true
        },
        "@protobufjs/base64": {
          "version": "1.1.2",
          "bundled": true
        },
        "@protobufjs/codegen": {
          "version": "2.0.4",
          "bundled": true
        },
        "@protobufjs/eventemitter": {
          "version": "1.1.0",
          "bundled": true
        },
        "@protobufjs/fetch": {
          "version": "1.1.0",
          "bundled": true,
          "requires": {
            "@protobufjs/aspromise": "1.1.2",
            "@protobufjs/inquire": "1.1.0"
          }
        },
        "@protobufjs/float": {
          "version": "1.0.2",
          "bundled": true
        },
        "@protobufjs/inquire": {
          "version": "1.1.0",
          "bundled": true
        },
        "@protobufjs/path": {
          "version": "1.1.2",
          "bundled": true
        },
        "@protobufjs/pool": {
          "version": "1.1.0",
          "bundled": true
        },
        "@protobufjs/utf8": {
          "version": "1.1.0",
          "bundled": true
        },
        "@types/accepts": {
          "version": "1.3.5",
          "bundled": true,
          "requires": {
            "@types/node": "10.12.10"
          }
        },
        "@types/body-parser": {
          "version": "1.17.0",
          "bundled": true,
          "requires": {
            "@types/connect": "3.4.32",
            "@types/node": "10.12.10"
          }
        },
        "@types/connect": {
          "version": "3.4.32",
          "bundled": true,
          "requires": {
            "@types/node": "10.12.10"
          }
        },
        "@types/cors": {
          "version": "2.8.4",
          "bundled": true,
          "requires": {
            "@types/express": "4.16.0"
          }
        },
        "@types/events": {
          "version": "1.2.0",
          "bundled": true
        },
        "@types/express": {
          "version": "4.16.0",
          "bundled": true,
          "requires": {
            "@types/body-parser": "1.17.0",
            "@types/express-serve-static-core": "4.16.0",
            "@types/serve-static": "1.13.2"
          }
        },
        "@types/express-serve-static-core": {
          "version": "4.16.0",
          "bundled": true,
          "requires": {
            "@types/events": "1.2.0",
            "@types/node": "10.12.10",
            "@types/range-parser": "1.2.2"
          }
        },
        "@types/graphql": {
          "version": "14.0.3",
          "bundled": true
        },
        "@types/long": {
          "version": "4.0.0",
          "bundled": true
        },
        "@types/mime": {
          "version": "2.0.0",
          "bundled": true
        },
        "@types/node": {
          "version": "10.12.10",
          "bundled": true
        },
        "@types/range-parser": {
          "version": "1.2.2",
          "bundled": true
        },
        "@types/serve-static": {
          "version": "1.13.2",
          "bundled": true,
          "requires": {
            "@types/express-serve-static-core": "4.16.0",
            "@types/mime": "2.0.0"
          }
        },
        "@types/ws": {
          "version": "6.0.1",
          "bundled": true,
          "requires": {
            "@types/events": "1.2.0",
            "@types/node": "10.12.10"
          }
        },
        "accepts": {
          "version": "1.3.5",
          "bundled": true,
          "requires": {
            "mime-types": "2.1.21",
            "negotiator": "0.6.1"
          }
        },
        "apollo-cache-control": {
          "version": "0.3.2",
          "bundled": true,
          "requires": {
            "apollo-server-env": "2.2.0",
            "graphql-extensions": "0.3.2"
          }
        },
        "apollo-datasource": {
          "version": "0.2.0",
          "bundled": true,
          "requires": {
            "apollo-server-caching": "0.2.0",
            "apollo-server-env": "2.2.0"
          }
        },
        "apollo-engine-reporting": {
          "version": "0.1.2",
          "bundled": true,
          "requires": {
            "apollo-engine-reporting-protobuf": "0.1.0",
            "apollo-server-env": "2.2.0",
            "async-retry": "1.2.3",
            "graphql-extensions": "0.3.2",
            "lodash": "4.17.11"
          }
        },
        "apollo-engine-reporting-protobuf": {
          "version": "0.1.0",
          "bundled": true,
          "requires": {
            "protobufjs": "6.8.8"
          }
        },
        "apollo-env": {
          "version": "0.2.5",
          "bundled": true,
          "requires": {
            "core-js": "3.0.0-beta.3",
            "node-fetch": "2.3.0"
          }
        },
        "apollo-link": {
          "version": "1.2.4",
          "bundled": true,
          "requires": {
            "apollo-utilities": "1.0.26",
            "zen-observable-ts": "0.8.11"
          }
        },
        "apollo-server": {
          "version": "2.2.2",
          "bundled": true,
          "requires": {
            "apollo-server-core": "2.2.2",
            "apollo-server-express": "2.2.2",
            "express": "4.16.4",
            "graphql-subscriptions": "1.0.0",
            "graphql-tools": "4.0.3"
          }
        },
        "apollo-server-caching": {
          "version": "0.2.0",
          "bundled": true,
          "requires": {
            "lru-cache": "4.1.4"
          }
        },
        "apollo-server-core": {
          "version": "2.2.2",
          "bundled": true,
          "requires": {
            "@apollographql/apollo-tools": "0.2.8",
            "@apollographql/apollo-upload-server": "5.0.3",
            "@apollographql/graphql-playground-html": "1.6.4",
            "@types/ws": "6.0.1",
            "apollo-cache-control": "0.3.2",
            "apollo-datasource": "0.2.0",
            "apollo-engine-reporting": "0.1.2",
            "apollo-server-caching": "0.2.0",
            "apollo-server-env": "2.2.0",
            "apollo-server-errors": "2.2.0",
            "apollo-server-plugin-base": "0.1.2",
            "apollo-tracing": "0.3.2",
            "graphql-extensions": "0.3.2",
            "graphql-subscriptions": "1.0.0",
            "graphql-tag": "2.10.0",
            "graphql-tools": "4.0.3",
            "json-stable-stringify": "1.0.1",
            "lodash": "4.17.11",
            "subscriptions-transport-ws": "0.9.15",
            "ws": "6.1.2"
          }
        },
        "apollo-server-env": {
          "version": "2.2.0",
          "bundled": true,
          "requires": {
            "node-fetch": "2.3.0",
            "util.promisify": "1.0.0"
          }
        },
        "apollo-server-errors": {
          "version": "2.2.0",
          "bundled": true
        },
        "apollo-server-express": {
          "version": "2.2.2",
          "bundled": true,
          "requires": {
            "@apollographql/apollo-upload-server": "5.0.3",
            "@apollographql/graphql-playground-html": "1.6.4",
            "@types/accepts": "1.3.5",
            "@types/body-parser": "1.17.0",
            "@types/cors": "2.8.4",
            "@types/express": "4.16.0",
            "accepts": "1.3.5",
            "apollo-server-core": "2.2.2",
            "body-parser": "1.18.3",
            "cors": "2.8.5",
            "graphql-subscriptions": "1.0.0",
            "graphql-tools": "4.0.3",
            "type-is": "1.6.16"
          }
        },
        "apollo-server-plugin-base": {
          "version": "0.1.2",
          "bundled": true
        },
        "apollo-tracing": {
          "version": "0.3.2",
          "bundled": true,
          "requires": {
            "apollo-server-env": "2.2.0",
            "graphql-extensions": "0.3.2"
          }
        },
        "apollo-utilities": {
          "version": "1.0.26",
          "bundled": true,
          "requires": {
            "fast-json-stable-stringify": "2.0.0"
          }
        },
        "array-flatten": {
          "version": "1.1.1",
          "bundled": true
        },
        "async-limiter": {
          "version": "1.0.0",
          "bundled": true
        },
        "async-retry": {
          "version": "1.2.3",
          "bundled": true,
          "requires": {
            "retry": "0.12.0"
          }
        },
        "backo2": {
          "version": "1.0.2",
          "bundled": true
        },
        "body-parser": {
          "version": "1.18.3",
          "bundled": true,
          "requires": {
            "bytes": "3.0.0",
            "content-type": "1.0.4",
            "debug": "2.6.9",
            "depd": "1.1.2",
            "http-errors": "1.6.3",
            "iconv-lite": "0.4.23",
            "on-finished": "2.3.0",
            "qs": "6.5.2",
            "raw-body": "2.3.3",
            "type-is": "1.6.16"
          }
        },
        "busboy": {
          "version": "0.2.14",
          "bundled": true,
          "requires": {
            "dicer": "0.2.5",
            "readable-stream": "1.1.14"
          }
        },
        "bytes": {
          "version": "3.0.0",
          "bundled": true
        },
        "content-disposition": {
          "version": "0.5.2",
          "bundled": true
        },
        "content-type": {
          "version": "1.0.4",
          "bundled": true
        },
        "cookie": {
          "version": "0.3.1",
          "bundled": true
        },
        "cookie-signature": {
          "version": "1.0.6",
          "bundled": true
        },
        "core-js": {
          "version": "3.0.0-beta.3",
          "bundled": true
        },
        "core-util-is": {
          "version": "1.0.2",
          "bundled": true
        },
        "cors": {
          "version": "2.8.5",
          "bundled": true,
          "requires": {
            "object-assign": "4.1.1",
            "vary": "1.1.2"
          }
        },
        "debug": {
          "version": "2.6.9",
          "bundled": true,
          "requires": {
            "ms": "2.0.0"
          }
        },
        "define-properties": {
          "version": "1.1.3",
          "bundled": true,
          "requires": {
            "object-keys": "1.0.12"
          }
        },
        "depd": {
          "version": "1.1.2",
          "bundled": true
        },
        "deprecated-decorator": {
          "version": "0.1.6",
          "bundled": true
        },
        "destroy": {
          "version": "1.0.4",
          "bundled": true
        },
        "dicer": {
          "version": "0.2.5",
          "bundled": true,
          "requires": {
            "readable-stream": "1.1.14",
            "streamsearch": "0.1.2"
          }
        },
        "ee-first": {
          "version": "1.1.1",
          "bundled": true
        },
        "encodeurl": {
          "version": "1.0.2",
          "bundled": true
        },
        "es-abstract": {
          "version": "1.12.0",
          "bundled": true,
          "requires": {
            "es-to-primitive": "1.2.0",
            "function-bind": "1.1.1",
            "has": "1.0.3",
            "is-callable": "1.1.4",
            "is-regex": "1.0.4"
          }
        },
        "es-to-primitive": {
          "version": "1.2.0",
          "bundled": true,
          "requires": {
            "is-callable": "1.1.4",
            "is-date-object": "1.0.1",
            "is-symbol": "1.0.2"
          }
        },
        "escape-html": {
          "version": "1.0.3",
          "bundled": true
        },
        "etag": {
          "version": "1.8.1",
          "bundled": true
        },
        "eventemitter3": {
          "version": "3.1.0",
          "bundled": true
        },
        "express": {
          "version": "4.16.4",
          "bundled": true,
          "requires": {
            "accepts": "1.3.5",
            "array-flatten": "1.1.1",
            "body-parser": "1.18.3",
            "content-disposition": "0.5.2",
            "content-type": "1.0.4",
            "cookie": "0.3.1",
            "cookie-signature": "1.0.6",
            "debug": "2.6.9",
            "depd": "1.1.2",
            "encodeurl": "1.0.2",
            "escape-html": "1.0.3",
            "etag": "1.8.1",
            "finalhandler": "1.1.1",
            "fresh": "0.5.2",
            "merge-descriptors": "1.0.1",
            "methods": "1.1.2",
            "on-finished": "2.3.0",
            "parseurl": "1.3.2",
            "path-to-regexp": "0.1.7",
            "proxy-addr": "2.0.4",
            "qs": "6.5.2",
            "range-parser": "1.2.0",
            "safe-buffer": "5.1.2",
            "send": "0.16.2",
            "serve-static": "1.13.2",
            "setprototypeof": "1.1.0",
            "statuses": "1.4.0",
            "type-is": "1.6.16",
            "utils-merge": "1.0.1",
            "vary": "1.1.2"
          },
          "dependencies": {
            "statuses": {
              "version": "1.4.0",
              "bundled": true
            }
          }
        },
        "fast-json-stable-stringify": {
          "version": "2.0.0",
          "bundled": true
        },
        "finalhandler": {
          "version": "1.1.1",
          "bundled": true,
          "requires": {
            "debug": "2.6.9",
            "encodeurl": "1.0.2",
            "escape-html": "1.0.3",
            "on-finished": "2.3.0",
            "parseurl": "1.3.2",
            "statuses": "1.4.0",
            "unpipe": "1.0.0"
          },
          "dependencies": {
            "statuses": {
              "version": "1.4.0",
              "bundled": true
            }
          }
        },
        "forwarded": {
          "version": "0.1.2",
          "bundled": true
        },
        "fresh": {
          "version": "0.5.2",
          "bundled": true
        },
        "function-bind": {
          "version": "1.1.1",
          "bundled": true
        },
        "graphql": {
          "version": "14.0.2",
          "bundled": true,
          "requires": {
            "iterall": "1.2.2"
          }
        },
        "graphql-extensions": {
          "version": "0.3.2",
          "bundled": true,
          "requires": {
            "@apollographql/apollo-tools": "0.2.8"
          }
        },
        "graphql-subscriptions": {
          "version": "1.0.0",
          "bundled": true,
          "requires": {
            "iterall": "1.2.2"
          }
        },
        "graphql-tag": {
          "version": "2.10.0",
          "bundled": true
        },
        "graphql-tools": {
          "version": "4.0.3",
          "bundled": true,
          "requires": {
            "apollo-link": "1.2.4",
            "apollo-utilities": "1.0.26",
            "deprecated-decorator": "0.1.6",
            "iterall": "1.2.2",
            "uuid": "3.3.2"
          }
        },
        "has": {
          "version": "1.0.3",
          "bundled": true,
          "requires": {
            "function-bind": "1.1.1"
          }
        },
        "has-symbols": {
          "version": "1.0.0",
          "bundled": true
        },
        "http-errors": {
          "version": "1.6.3",
          "bundled": true,
          "requires": {
            "depd": "1.1.2",
            "inherits": "2.0.3",
            "setprototypeof": "1.1.0",
            "statuses": "1.5.0"
          }
        },
        "iconv-lite": {
          "version": "0.4.23",
          "bundled": true,
          "requires": {
            "safer-buffer": "2.1.2"
          }
        },
        "inherits": {
          "version": "2.0.3",
          "bundled": true
        },
        "ipaddr.js": {
          "version": "1.8.0",
          "bundled": true
        },
        "is-callable": {
          "version": "1.1.4",
          "bundled": true
        },
        "is-date-object": {
          "version": "1.0.1",
          "bundled": true
        },
        "is-regex": {
          "version": "1.0.4",
          "bundled": true,
          "requires": {
            "has": "1.0.3"
          }
        },
        "is-symbol": {
          "version": "1.0.2",
          "bundled": true,
          "requires": {
            "has-symbols": "1.0.0"
          }
        },
        "isarray": {
          "version": "0.0.1",
          "bundled": true
        },
        "iterall": {
          "version": "1.2.2",
          "bundled": true
        },
        "json-stable-stringify": {
          "version": "1.0.1",
          "bundled": true,
          "requires": {
            "jsonify": "0.0.0"
          }
        },
        "jsonify": {
          "version": "0.0.0",
          "bundled": true
        },
        "lodash": {
          "version": "4.17.11",
          "bundled": true
        },
        "long": {
          "version": "4.0.0",
          "bundled": true
        },
        "lru-cache": {
          "version": "4.1.4",
          "bundled": true,
          "requires": {
            "pseudomap": "1.0.2",
            "yallist": "3.0.3"
          }
        },
        "media-typer": {
          "version": "0.3.0",
          "bundled": true
        },
        "merge-descriptors": {
          "version": "1.0.1",
          "bundled": true
        },
        "methods": {
          "version": "1.1.2",
          "bundled": true
        },
        "mime": {
          "version": "1.4.1",
          "bundled": true
        },
        "mime-db": {
          "version": "1.37.0",
          "bundled": true
        },
        "mime-types": {
          "version": "2.1.21",
          "bundled": true,
          "requires": {
            "mime-db": "1.37.0"
          }
        },
        "ms": {
          "version": "2.0.0",
          "bundled": true
        },
        "negotiator": {
          "version": "0.6.1",
          "bundled": true
        },
        "node-fetch": {
          "version": "2.3.0",
          "bundled": true
        },
        "object-assign": {
          "version": "4.1.1",
          "bundled": true
        },
        "object-keys": {
          "version": "1.0.12",
          "bundled": true
        },
        "object-path": {
          "version": "0.11.4",
          "bundled": true
        },
        "object.getownpropertydescriptors": {
          "version": "2.0.3",
          "bundled": true,
          "requires": {
            "define-properties": "1.1.3",
            "es-abstract": "1.12.0"
          }
        },
        "on-finished": {
          "version": "2.3.0",
          "bundled": true,
          "requires": {
            "ee-first": "1.1.1"
          }
        },
        "parseurl": {
          "version": "1.3.2",
          "bundled": true
        },
        "path-to-regexp": {
          "version": "0.1.7",
          "bundled": true
        },
        "protobufjs": {
          "version": "6.8.8",
          "bundled": true,
          "requires": {
            "@protobufjs/aspromise": "1.1.2",
            "@protobufjs/base64": "1.1.2",
            "@protobufjs/codegen": "2.0.4",
            "@protobufjs/eventemitter": "1.1.0",
            "@protobufjs/fetch": "1.1.0",
            "@protobufjs/float": "1.0.2",
            "@protobufjs/inquire": "1.1.0",
            "@protobufjs/path": "1.1.2",
            "@protobufjs/pool": "1.1.0",
            "@protobufjs/utf8": "1.1.0",
            "@types/long": "4.0.0",
            "@types/node": "10.12.10",
            "long": "4.0.0"
          }
        },
        "proxy-addr": {
          "version": "2.0.4",
          "bundled": true,
          "requires": {
            "forwarded": "0.1.2",
            "ipaddr.js": "1.8.0"
          }
        },
        "pseudomap": {
          "version": "1.0.2",
          "bundled": true
        },
        "qs": {
          "version": "6.5.2",
          "bundled": true
        },
        "range-parser": {
          "version": "1.2.0",
          "bundled": true
        },
        "raw-body": {
          "version": "2.3.3",
          "bundled": true,
          "requires": {
            "bytes": "3.0.0",
            "http-errors": "1.6.3",
            "iconv-lite": "0.4.23",
            "unpipe": "1.0.0"
          }
        },
        "readable-stream": {
          "version": "1.1.14",
          "bundled": true,
          "requires": {
            "core-util-is": "1.0.2",
            "inherits": "2.0.3",
            "isarray": "0.0.1",
            "string_decoder": "0.10.31"
          }
        },
        "regenerator-runtime": {
          "version": "0.12.1",
          "bundled": true
        },
        "retry": {
          "version": "0.12.0",
          "bundled": true
        },
        "safe-buffer": {
          "version": "5.1.2",
          "bundled": true
        },
        "safer-buffer": {
          "version": "2.1.2",
          "bundled": true
        },
        "send": {
          "version": "0.16.2",
          "bundled": true,
          "requires": {
            "debug": "2.6.9",
            "depd": "1.1.2",
            "destroy": "1.0.4",
            "encodeurl": "1.0.2",
            "escape-html": "1.0.3",
            "etag": "1.8.1",
            "fresh": "0.5.2",
            "http-errors": "1.6.3",
            "mime": "1.4.1",
            "ms": "2.0.0",
            "on-finished": "2.3.0",
            "range-parser": "1.2.0",
            "statuses": "1.4.0"
          },
          "dependencies": {
            "statuses": {
              "version": "1.4.0",
              "bundled": true
            }
          }
        },
        "serve-static": {
          "version": "1.13.2",
          "bundled": true,
          "requires": {
            "encodeurl": "1.0.2",
            "escape-html": "1.0.3",
            "parseurl": "1.3.2",
            "send": "0.16.2"
          }
        },
        "setprototypeof": {
          "version": "1.1.0",
          "bundled": true
        },
        "statuses": {
          "version": "1.5.0",
          "bundled": true
        },
        "streamsearch": {
          "version": "0.1.2",
          "bundled": true
        },
        "string_decoder": {
          "version": "0.10.31",
          "bundled": true
        },
        "subscriptions-transport-ws": {
          "version": "0.9.15",
          "bundled": true,
          "requires": {
            "backo2": "1.0.2",
            "eventemitter3": "3.1.0",
            "iterall": "1.2.2",
            "symbol-observable": "1.2.0",
            "ws": "5.2.2"
          },
          "dependencies": {
            "ws": {
              "version": "5.2.2",
              "bundled": true,
              "requires": {
                "async-limiter": "1.0.0"
              }
            }
          }
        },
        "symbol-observable": {
          "version": "1.2.0",
          "bundled": true
        },
        "type-is": {
          "version": "1.6.16",
          "bundled": true,
          "requires": {
            "media-typer": "0.3.0",
            "mime-types": "2.1.21"
          }
        },
        "unpipe": {
          "version": "1.0.0",
          "bundled": true
        },
        "util.promisify": {
          "version": "1.0.0",
          "bundled": true,
          "requires": {
            "define-properties": "1.1.3",
            "object.getownpropertydescriptors": "2.0.3"
          }
        },
        "utils-merge": {
          "version": "1.0.1",
          "bundled": true
        },
        "uuid": {
          "version": "3.3.2",
          "bundled": true
        },
        "vary": {
          "version": "1.1.2",
          "bundled": true
        },
        "ws": {
          "version": "6.1.2",
          "bundled": true,
          "requires": {
            "async-limiter": "1.0.0"
          }
        },
        "yallist": {
          "version": "3.0.3",
          "bundled": true
        },
        "zen-observable": {
          "version": "0.8.11",
          "bundled": true
        },
        "zen-observable-ts": {
          "version": "0.8.11",
          "bundled": true,
          "requires": {
            "zen-observable": "0.8.11"
          }
        }
      }
    },
    "@types/graphql": {
      "version": "14.0.3",
      "resolved": "https://registry.npmjs.org/@types/graphql/-/graphql-14.0.3.tgz",
      "integrity": "sha512-TcFkpEjcQK7w8OcrQcd7iIBPjU0rdyi3ldj6d0iJ4PPSzbWqPBvXj9KSwO14hTOX2dm9RoiH7VuxksJLNYdXUQ==",
      "dev": true
    },
    "accepts": {
      "version": "1.3.5",
      "resolved": "https://registry.npmjs.org/accepts/-/accepts-1.3.5.tgz",
      "integrity": "sha1-63d99gEXI6OxTopywIBcjoZ0a9I=",
      "requires": {
        "mime-types": "2.1.21",
        "negotiator": "0.6.1"
      }
    },
    "apollo-link": {
      "version": "1.2.4",
      "resolved": "https://registry.npmjs.org/apollo-link/-/apollo-link-1.2.4.tgz",
      "integrity": "sha512-B1z+9H2nTyWEhMXRFSnoZ1vSuAYP+V/EdUJvRx9uZ8yuIBZMm6reyVtr1n0BWlKeSFyPieKJy2RLzmITAAQAMQ==",
      "requires": {
        "apollo-utilities": "1.0.26",
        "zen-observable-ts": "0.8.11"
      }
    },
    "apollo-utilities": {
      "version": "1.0.26",
      "resolved": "https://registry.npmjs.org/apollo-utilities/-/apollo-utilities-1.0.26.tgz",
      "integrity": "sha512-URw7o3phymliqYCYatcird2YRPUU2eWCNvip64U9gQrX56mEfK4m99yBIDCMTpmcvOFsKLii1sIEZsHIs/bvnw==",
      "requires": {
        "fast-json-stable-stringify": "2.0.0"
      }
    },
    "array-flatten": {
      "version": "1.1.1",
      "resolved": "https://registry.npmjs.org/array-flatten/-/array-flatten-1.1.1.tgz",
      "integrity": "sha1-ml9pkFGx5wczKPKgCJaLZOopVdI="
    },
    "body-parser": {
      "version": "1.18.3",
      "resolved": "https://registry.npmjs.org/body-parser/-/body-parser-1.18.3.tgz",
      "integrity": "sha1-WykhmP/dVTs6DyDe0FkrlWlVyLQ=",
      "requires": {
        "bytes": "3.0.0",
        "content-type": "1.0.4",
        "debug": "2.6.9",
        "depd": "1.1.2",
        "http-errors": "1.6.3",
        "iconv-lite": "0.4.23",
        "on-finished": "2.3.0",
        "qs": "6.5.2",
        "raw-body": "2.3.3",
        "type-is": "1.6.16"
      }
    },
    "bytes": {
      "version": "3.0.0",
      "resolved": "https://registry.npmjs.org/bytes/-/bytes-3.0.0.tgz",
      "integrity": "sha1-0ygVQE1olpn4Wk6k+odV3ROpYEg="
    },
    "content-disposition": {
      "version": "0.5.2",
      "resolved": "https://registry.npmjs.org/content-disposition/-/content-disposition-0.5.2.tgz",
      "integrity": "sha1-DPaLud318r55YcOoUXjLhdunjLQ="
    },
    "content-type": {
      "version": "1.0.4",
      "resolved": "https://registry.npmjs.org/content-type/-/content-type-1.0.4.tgz",
      "integrity": "sha512-hIP3EEPs8tB9AT1L+NUqtwOAps4mk2Zob89MWXMHjHWg9milF/j4osnnQLXBCBFBk/tvIG/tUc9mOUJiPBhPXA=="
    },
    "cookie": {
      "version": "0.3.1",
      "resolved": "https://registry.npmjs.org/cookie/-/cookie-0.3.1.tgz",
      "integrity": "sha1-5+Ch+e9DtMi6klxcWpboBtFoc7s="
    },
    "cookie-signature": {
      "version": "1.0.6",
      "resolved": "https://registry.npmjs.org/cookie-signature/-/cookie-signature-1.0.6.tgz",
      "integrity": "sha1-4wOogrNCzD7oylE6eZmXNNqzriw="
    },
    "debug": {
      "version": "2.6.9",
      "resolved": "https://registry.npmjs.org/debug/-/debug-2.6.9.tgz",
      "integrity": "sha512-bC7ElrdJaJnPbAP+1EotYvqZsb3ecl5wi6Bfi6BJTUcNowp6cvspg0jXznRTKDjm/E7AdgFBVeAPVMNcKGsHMA==",
      "requires": {
        "ms": "2.0.0"
      }
    },
    "depd": {
      "version": "1.1.2",
      "resolved": "https://registry.npmjs.org/depd/-/depd-1.1.2.tgz",
      "integrity": "sha1-m81S4UwJd2PnSbJ0xDRu0uVgtak="
    },
    "deprecated-decorator": {
      "version": "0.1.6",
      "resolved": "https://registry.npmjs.org/deprecated-decorator/-/deprecated-decorator-0.1.6.tgz",
      "integrity": "sha1-AJZjF7ehL+kvPMgx91g68ym4bDc="
    },
    "destroy": {
      "version": "1.0.4",
      "resolved": "https://registry.npmjs.org/destroy/-/destroy-1.0.4.tgz",
      "integrity": "sha1-l4hXRCxEdJ5CBmE+N5RiBYJqvYA="
    },
    "ee-first": {
      "version": "1.1.1",
      "resolved": "https://registry.npmjs.org/ee-first/-/ee-first-1.1.1.tgz",
      "integrity": "sha1-WQxhFWsK4vTwJVcyoViyZrxWsh0="
    },
    "encodeurl": {
      "version": "1.0.2",
      "resolved": "https://registry.npmjs.org/encodeurl/-/encodeurl-1.0.2.tgz",
      "integrity": "sha1-rT/0yG7C0CkyL1oCw6mmBslbP1k="
    },
    "escape-html": {
      "version": "1.0.3",
      "resolved": "https://registry.npmjs.org/escape-html/-/escape-html-1.0.3.tgz",
      "integrity": "sha1-Aljq5NPQwJdN4cFpGI7wBR0dGYg="
    },
    "etag": {
      "version": "1.8.1",
      "resolved": "https://registry.npmjs.org/etag/-/etag-1.8.1.tgz",
      "integrity": "sha1-Qa4u62XvpiJorr/qg6x9eSmbCIc="
    },
    "express": {
      "version": "4.16.4",
      "resolved": "https://registry.npmjs.org/express/-/express-4.16.4.tgz",
      "integrity": "sha512-j12Uuyb4FMrd/qQAm6uCHAkPtO8FDTRJZBDd5D2KOL2eLaz1yUNdUB/NOIyq0iU4q4cFarsUCrnFDPBcnksuOg==",
      "requires": {
        "accepts": "1.3.5",
        "array-flatten": "1.1.1",
        "body-parser": "1.18.3",
        "content-disposition": "0.5.2",
        "content-type": "1.0.4",
        "cookie": "0.3.1",
        "cookie-signature": "1.0.6",
        "debug": "2.6.9",
        "depd": "1.1.2",
        "encodeurl": "1.0.2",
        "escape-html": "1.0.3",
        "etag": "1.8.1",
        "finalhandler": "1.1.1",
        "fresh": "0.5.2",
        "merge-descriptors": "1.0.1",
        "methods": "1.1.2",
        "on-finished": "2.3.0",
        "parseurl": "1.3.2",
        "path-to-regexp": "0.1.7",
        "proxy-addr": "2.0.4",
        "qs": "6.5.2",
        "range-parser": "1.2.0",
        "safe-buffer": "5.1.2",
        "send": "0.16.2",
        "serve-static": "1.13.2",
        "setprototypeof": "1.1.0",
        "statuses": "1.4.0",
        "type-is": "1.6.16",
        "utils-merge": "1.0.1",
        "vary": "1.1.2"
      }
    },
    "fast-json-stable-stringify": {
      "version": "2.0.0",
      "resolved": "https://registry.npmjs.org/fast-json-stable-stringify/-/fast-json-stable-stringify-2.0.0.tgz",
      "integrity": "sha1-1RQsDK7msRifh9OnYREGT4bIu/I="
    },
    "finalhandler": {
      "version": "1.1.1",
      "resolved": "http://registry.npmjs.org/finalhandler/-/finalhandler-1.1.1.tgz",
      "integrity": "sha512-Y1GUDo39ez4aHAw7MysnUD5JzYX+WaIj8I57kO3aEPT1fFRL4sr7mjei97FgnwhAyyzRYmQZaTHb2+9uZ1dPtg==",
      "requires": {
        "debug": "2.6.9",
        "encodeurl": "1.0.2",
        "escape-html": "1.0.3",
        "on-finished": "2.3.0",
        "parseurl": "1.3.2",
        "statuses": "1.4.0",
        "unpipe": "1.0.0"
      }
    },
    "forwarded": {
      "version": "0.1.2",
      "resolved": "https://registry.npmjs.org/forwarded/-/forwarded-0.1.2.tgz",
      "integrity": "sha1-mMI9qxF1ZXuMBXPozszZGw/xjIQ="
    },
    "fresh": {
      "version": "0.5.2",
      "resolved": "https://registry.npmjs.org/fresh/-/fresh-0.5.2.tgz",
      "integrity": "sha1-PYyt2Q2XZWn6g1qx+OSyOhBWBac="
    },
    "graphql-tools": {
      "version": "4.0.3",
      "resolved": "https://registry.npmjs.org/graphql-tools/-/graphql-tools-4.0.3.tgz",
      "integrity": "sha512-NNZM0WSnVLX1zIMUxu7SjzLZ4prCp15N5L2T2ro02OVyydZ0fuCnZYRnx/yK9xjGWbZA0Q58yEO//Bv/psJWrg==",
      "requires": {
        "apollo-link": "1.2.4",
        "apollo-utilities": "1.0.26",
        "deprecated-decorator": "0.1.6",
        "iterall": "1.2.2",
        "uuid": "3.3.2"
      }
    },
    "http-errors": {
      "version": "1.6.3",
      "resolved": "http://registry.npmjs.org/http-errors/-/http-errors-1.6.3.tgz",
      "integrity": "sha1-i1VoC7S+KDoLW/TqLjhYC+HZMg0=",
      "requires": {
        "depd": "1.1.2",
        "inherits": "2.0.3",
        "setprototypeof": "1.1.0",
        "statuses": "1.4.0"
      }
    },
    "iconv-lite": {
      "version": "0.4.23",
      "resolved": "https://registry.npmjs.org/iconv-lite/-/iconv-lite-0.4.23.tgz",
      "integrity": "sha512-neyTUVFtahjf0mB3dZT77u+8O0QB89jFdnBkd5P1JgYPbPaia3gXXOVL2fq8VyU2gMMD7SaN7QukTB/pmXYvDA==",
      "requires": {
        "safer-buffer": "2.1.2"
      }
    },
    "inherits": {
      "version": "2.0.3",
      "resolved": "https://registry.npmjs.org/inherits/-/inherits-2.0.3.tgz",
      "integrity": "sha1-Yzwsg+PaQqUC9SRmAiSA9CCCYd4="
    },
    "ipaddr.js": {
      "version": "1.8.0",
      "resolved": "https://registry.npmjs.org/ipaddr.js/-/ipaddr.js-1.8.0.tgz",
      "integrity": "sha1-6qM9bd16zo9/b+DJygRA5wZzix4="
    },
    "iterall": {
      "version": "1.2.2",
      "resolved": "https://registry.npmjs.org/iterall/-/iterall-1.2.2.tgz",
      "integrity": "sha512-yynBb1g+RFUPY64fTrFv7nsjRrENBQJaX2UL+2Szc9REFrSNm1rpSXHGzhmAy7a9uv3vlvgBlXnf9RqmPH1/DA=="
    },
    "media-typer": {
      "version": "0.3.0",
      "resolved": "http://registry.npmjs.org/media-typer/-/media-typer-0.3.0.tgz",
      "integrity": "sha1-hxDXrwqmJvj/+hzgAWhUUmMlV0g="
    },
    "merge-descriptors": {
      "version": "1.0.1",
      "resolved": "https://registry.npmjs.org/merge-descriptors/-/merge-descriptors-1.0.1.tgz",
      "integrity": "sha1-sAqqVW3YtEVoFQ7J0blT8/kMu2E="
    },
    "methods": {
      "version": "1.1.2",
      "resolved": "https://registry.npmjs.org/methods/-/methods-1.1.2.tgz",
      "integrity": "sha1-VSmk1nZUE07cxSZmVoNbD4Ua/O4="
    },
    "mime": {
      "version": "1.4.1",
      "resolved": "https://registry.npmjs.org/mime/-/mime-1.4.1.tgz",
      "integrity": "sha512-KI1+qOZu5DcW6wayYHSzR/tXKCDC5Om4s1z2QJjDULzLcmf3DvzS7oluY4HCTrc+9FiKmWUgeNLg7W3uIQvxtQ=="
    },
    "mime-db": {
      "version": "1.37.0",
      "resolved": "https://registry.npmjs.org/mime-db/-/mime-db-1.37.0.tgz",
      "integrity": "sha512-R3C4db6bgQhlIhPU48fUtdVmKnflq+hRdad7IyKhtFj06VPNVdk2RhiYL3UjQIlso8L+YxAtFkobT0VK+S/ybg=="
    },
    "mime-types": {
      "version": "2.1.21",
      "resolved": "https://registry.npmjs.org/mime-types/-/mime-types-2.1.21.tgz",
      "integrity": "sha512-3iL6DbwpyLzjR3xHSFNFeb9Nz/M8WDkX33t1GFQnFOllWk8pOrh/LSrB5OXlnlW5P9LH73X6loW/eogc+F5lJg==",
      "requires": {
        "mime-db": "1.37.0"
      }
    },
    "ms": {
      "version": "2.0.0",
      "resolved": "https://registry.npmjs.org/ms/-/ms-2.0.0.tgz",
      "integrity": "sha1-VgiurfwAvmwpAd9fmGF4jeDVl8g="
    },
    "negotiator": {
      "version": "0.6.1",
      "resolved": "https://registry.npmjs.org/negotiator/-/negotiator-0.6.1.tgz",
      "integrity": "sha1-KzJxhOiZIQEXeyhWP7XnECrNDKk="
    },
    "on-finished": {
      "version": "2.3.0",
      "resolved": "https://registry.npmjs.org/on-finished/-/on-finished-2.3.0.tgz",
      "integrity": "sha1-IPEzZIGwg811M3mSoWlxqi2QaUc=",
      "requires": {
        "ee-first": "1.1.1"
      }
    },
    "parseurl": {
      "version": "1.3.2",
      "resolved": "https://registry.npmjs.org/parseurl/-/parseurl-1.3.2.tgz",
      "integrity": "sha1-/CidTtiZMRlGDBViUyYs3I3mW/M="
    },
    "path-to-regexp": {
      "version": "0.1.7",
      "resolved": "https://registry.npmjs.org/path-to-regexp/-/path-to-regexp-0.1.7.tgz",
      "integrity": "sha1-32BBeABfUi8V60SQ5yR6G/qmf4w="
    },
    "proxy-addr": {
      "version": "2.0.4",
      "resolved": "https://registry.npmjs.org/proxy-addr/-/proxy-addr-2.0.4.tgz",
      "integrity": "sha512-5erio2h9jp5CHGwcybmxmVqHmnCBZeewlfJ0pex+UW7Qny7OOZXTtH56TGNyBizkgiOwhJtMKrVzDTeKcySZwA==",
      "requires": {
        "forwarded": "0.1.2",
        "ipaddr.js": "1.8.0"
      }
    },
    "qs": {
      "version": "6.5.2",
      "resolved": "https://registry.npmjs.org/qs/-/qs-6.5.2.tgz",
      "integrity": "sha512-N5ZAX4/LxJmF+7wN74pUD6qAh9/wnvdQcjq9TZjevvXzSUo7bfmw91saqMjzGS2xq91/odN2dW/WOl7qQHNDGA=="
    },
    "range-parser": {
      "version": "1.2.0",
      "resolved": "https://registry.npmjs.org/range-parser/-/range-parser-1.2.0.tgz",
      "integrity": "sha1-9JvmtIeJTdxA3MlKMi9hEJLgDV4="
    },
    "raw-body": {
      "version": "2.3.3",
      "resolved": "https://registry.npmjs.org/raw-body/-/raw-body-2.3.3.tgz",
      "integrity": "sha512-9esiElv1BrZoI3rCDuOuKCBRbuApGGaDPQfjSflGxdy4oyzqghxu6klEkkVIvBje+FF0BX9coEv8KqW6X/7njw==",
      "requires": {
        "bytes": "3.0.0",
        "http-errors": "1.6.3",
        "iconv-lite": "0.4.23",
        "unpipe": "1.0.0"
      }
    },
    "safe-buffer": {
      "version": "5.1.2",
      "resolved": "https://registry.npmjs.org/safe-buffer/-/safe-buffer-5.1.2.tgz",
      "integrity": "sha512-Gd2UZBJDkXlY7GbJxfsE8/nvKkUEU1G38c1siN6QP6a9PT9MmHB8GnpscSmMJSoF8LOIrt8ud/wPtojys4G6+g=="
    },
    "safer-buffer": {
      "version": "2.1.2",
      "resolved": "https://registry.npmjs.org/safer-buffer/-/safer-buffer-2.1.2.tgz",
      "integrity": "sha512-YZo3K82SD7Riyi0E1EQPojLz7kpepnSQI9IyPbHHg1XXXevb5dJI7tpyN2ADxGcQbHG7vcyRHk0cbwqcQriUtg=="
    },
    "send": {
      "version": "0.16.2",
      "resolved": "https://registry.npmjs.org/send/-/send-0.16.2.tgz",
      "integrity": "sha512-E64YFPUssFHEFBvpbbjr44NCLtI1AohxQ8ZSiJjQLskAdKuriYEP6VyGEsRDH8ScozGpkaX1BGvhanqCwkcEZw==",
      "requires": {
        "debug": "2.6.9",
        "depd": "1.1.2",
        "destroy": "1.0.4",
        "encodeurl": "1.0.2",
        "escape-html": "1.0.3",
        "etag": "1.8.1",
        "fresh": "0.5.2",
        "http-errors": "1.6.3",
        "mime": "1.4.1",
        "ms": "2.0.0",
        "on-finished": "2.3.0",
        "range-parser": "1.2.0",
        "statuses": "1.4.0"
      }
    },
    "serve-static": {
      "version": "1.13.2",
      "resolved": "https://registry.npmjs.org/serve-static/-/serve-static-1.13.2.tgz",
      "integrity": "sha512-p/tdJrO4U387R9oMjb1oj7qSMaMfmOyd4j9hOFoxZe2baQszgHcSWjuya/CiT5kgZZKRudHNOA0pYXOl8rQ5nw==",
      "requires": {
        "encodeurl": "1.0.2",
        "escape-html": "1.0.3",
        "parseurl": "1.3.2",
        "send": "0.16.2"
      }
    },
    "setprototypeof": {
      "version": "1.1.0",
      "resolved": "https://registry.npmjs.org/setprototypeof/-/setprototypeof-1.1.0.tgz",
      "integrity": "sha512-BvE/TwpZX4FXExxOxZyRGQQv651MSwmWKZGqvmPcRIjDqWub67kTKuIMx43cZZrS/cBBzwBcNDWoFxt2XEFIpQ=="
    },
    "statuses": {
      "version": "1.4.0",
      "resolved": "https://registry.npmjs.org/statuses/-/statuses-1.4.0.tgz",
      "integrity": "sha512-zhSCtt8v2NDrRlPQpCNtw/heZLtfUDqxBM1udqikb/Hbk52LK4nQSwr10u77iopCW5LsyHpuXS0GnEc48mLeew=="
    },
    "type-is": {
      "version": "1.6.16",
      "resolved": "https://registry.npmjs.org/type-is/-/type-is-1.6.16.tgz",
      "integrity": "sha512-HRkVv/5qY2G6I8iab9cI7v1bOIdhm94dVjQCPFElW9W+3GeDOSHmy2EBYe4VTApuzolPcmgFTN3ftVJRKR2J9Q==",
      "requires": {
        "media-typer": "0.3.0",
        "mime-types": "2.1.21"
      }
    },
    "unpipe": {
      "version": "1.0.0",
      "resolved": "https://registry.npmjs.org/unpipe/-/unpipe-1.0.0.tgz",
      "integrity": "sha1-sr9O6FFKrmFltIF4KdIbLvSZBOw="
    },
    "utils-merge": {
      "version": "1.0.1",
      "resolved": "https://registry.npmjs.org/utils-merge/-/utils-merge-1.0.1.tgz",
      "integrity": "sha1-n5VxD1CiZ5R7LMwSR0HBAoQn5xM="
    },
    "uuid": {
      "version": "3.3.2",
      "resolved": "https://registry.npmjs.org/uuid/-/uuid-3.3.2.tgz",
      "integrity": "sha512-yXJmeNaw3DnnKAOKJE51sL/ZaYfWJRl1pK9dr19YFCu0ObS231AB1/LbqTKRAQ5kw8A90rA6fr4riOUpTZvQZA=="
    },
    "vary": {
      "version": "1.1.2",
      "resolved": "https://registry.npmjs.org/vary/-/vary-1.1.2.tgz",
      "integrity": "sha1-IpnwLG3tMNSllhsLn3RSShj2NPw="
    },
    "zen-observable": {
      "version": "0.8.11",
      "resolved": "https://registry.npmjs.org/zen-observable/-/zen-observable-0.8.11.tgz",
      "integrity": "sha512-N3xXQVr4L61rZvGMpWe8XoCGX8vhU35dPyQ4fm5CY/KDlG0F75un14hjbckPXTDuKUY6V0dqR2giT6xN8Y4GEQ=="
    },
    "zen-observable-ts": {
      "version": "0.8.11",
      "resolved": "https://registry.npmjs.org/zen-observable-ts/-/zen-observable-ts-0.8.11.tgz",
      "integrity": "sha512-8bs7rgGV4kz5iTb9isudkuQjtWwPnQ8lXq6/T76vrepYZVMsDEv6BXaEA+DHdJSK3KVLduagi9jSpSAJ5NgKHw==",
      "requires": {
        "zen-observable": "0.8.11"
      }
    }
  }
}
